
Microsoft Visual Studio Solution File, Format Version 12.00
# Visual Studio Version 16
VisualStudioVersion = 16.0.29123.88
MinimumVisualStudioVersion = 10.0.40219.1
Project("{FAE04EC0-301F-11D3-BF4B-00C04F79EFBC}") = "itrationExe3", "itrationExe3\itrationExe3.csproj", "{740E186D-3B6F-44AF-9C01-B627E0E03338}"
EndProject
Global
	GlobalSection(SolutionConfigurationPlatforms) = preSolution
		Debug|Any CPU = Debug|Any CPU
		Release|Any CPU = Release|Any CPU
	EndGlobalSection
	GlobalSection(ProjectConfigurationPlatforms) = postSolution
		{740E186D-3B6F-44AF-9C01-B627E0E03338}.Debug|Any CPU.ActiveCfg = Debug|Any CPU
		{740E186D-3B6F-44AF-9C01-B627E0E03338}.Debug|Any CPU.Build.0 = Debug|Any CPU
		{740E186D-3B6F-44AF-9C01-B627E0E03338}.Release|Any CPU.ActiveCfg = Release|Any CPU
		{740E186D-3B6F-44AF-9C01-B627E0E03338}.Release|Any CPU.Build.0 = Release|Any CPU
	EndGlobalSection
	GlobalSection(SolutionProperties) = preSolution
		HideSolutionNode = FALSE
	EndGlobalSection
	GlobalSection(ExtensibilityGlobals) = postSolution
		SolutionGuid = {D87CEC01-5A27-4AC1-B72F-A4132E04DC79}
	EndGlobalSection
EndGlobal
