
Microsoft Visual Studio Solution File, Format Version 12.00
# Visual Studio Version 16
VisualStudioVersion = 16.0.29123.88
MinimumVisualStudioVersion = 10.0.40219.1
Project("{FAE04EC0-301F-11D3-BF4B-00C04F79EFBC}") = "Methodstudy1", "Methodstudy1\Methodstudy1.csproj", "{808CB5B2-8627-4413-B3C3-7274EB27F252}"
EndProject
Global
	GlobalSection(SolutionConfigurationPlatforms) = preSolution
		Debug|Any CPU = Debug|Any CPU
		Release|Any CPU = Release|Any CPU
	EndGlobalSection
	GlobalSection(ProjectConfigurationPlatforms) = postSolution
		{808CB5B2-8627-4413-B3C3-7274EB27F252}.Debug|Any CPU.ActiveCfg = Debug|Any CPU
		{808CB5B2-8627-4413-B3C3-7274EB27F252}.Debug|Any CPU.Build.0 = Debug|Any CPU
		{808CB5B2-8627-4413-B3C3-7274EB27F252}.Release|Any CPU.ActiveCfg = Release|Any CPU
		{808CB5B2-8627-4413-B3C3-7274EB27F252}.Release|Any CPU.Build.0 = Release|Any CPU
	EndGlobalSection
	GlobalSection(SolutionProperties) = preSolution
		HideSolutionNode = FALSE
	EndGlobalSection
	GlobalSection(ExtensibilityGlobals) = postSolution
		SolutionGuid = {9207423D-C79A-4648-8F2E-6102FC02236B}
	EndGlobalSection
EndGlobal
