
Microsoft Visual Studio Solution File, Format Version 12.00
# Visual Studio Version 16
VisualStudioVersion = 16.0.29123.88
MinimumVisualStudioVersion = 10.0.40219.1
Project("{FAE04EC0-301F-11D3-BF4B-00C04F79EFBC}") = "controlFlowExe", "controlFlowExe\controlFlowExe.csproj", "{F682CAC8-8F60-4C3A-8007-BB870EF8965D}"
EndProject
Global
	GlobalSection(SolutionConfigurationPlatforms) = preSolution
		Debug|Any CPU = Debug|Any CPU
		Release|Any CPU = Release|Any CPU
	EndGlobalSection
	GlobalSection(ProjectConfigurationPlatforms) = postSolution
		{F682CAC8-8F60-4C3A-8007-BB870EF8965D}.Debug|Any CPU.ActiveCfg = Debug|Any CPU
		{F682CAC8-8F60-4C3A-8007-BB870EF8965D}.Debug|Any CPU.Build.0 = Debug|Any CPU
		{F682CAC8-8F60-4C3A-8007-BB870EF8965D}.Release|Any CPU.ActiveCfg = Release|Any CPU
		{F682CAC8-8F60-4C3A-8007-BB870EF8965D}.Release|Any CPU.Build.0 = Release|Any CPU
	EndGlobalSection
	GlobalSection(SolutionProperties) = preSolution
		HideSolutionNode = FALSE
	EndGlobalSection
	GlobalSection(ExtensibilityGlobals) = postSolution
		SolutionGuid = {F359C0E0-602B-4298-B7F1-345794D4DA48}
	EndGlobalSection
EndGlobal
