
Microsoft Visual Studio Solution File, Format Version 12.00
# Visual Studio Version 16
VisualStudioVersion = 16.0.29123.88
MinimumVisualStudioVersion = 10.0.40219.1
Project("{FAE04EC0-301F-11D3-BF4B-00C04F79EFBC}") = "workingWithTextExe4", "workingWithTextExe4\workingWithTextExe4.csproj", "{DF98AF71-93B3-472D-86CF-1A1116D2B5FD}"
EndProject
Global
	GlobalSection(SolutionConfigurationPlatforms) = preSolution
		Debug|Any CPU = Debug|Any CPU
		Release|Any CPU = Release|Any CPU
	EndGlobalSection
	GlobalSection(ProjectConfigurationPlatforms) = postSolution
		{DF98AF71-93B3-472D-86CF-1A1116D2B5FD}.Debug|Any CPU.ActiveCfg = Debug|Any CPU
		{DF98AF71-93B3-472D-86CF-1A1116D2B5FD}.Debug|Any CPU.Build.0 = Debug|Any CPU
		{DF98AF71-93B3-472D-86CF-1A1116D2B5FD}.Release|Any CPU.ActiveCfg = Release|Any CPU
		{DF98AF71-93B3-472D-86CF-1A1116D2B5FD}.Release|Any CPU.Build.0 = Release|Any CPU
	EndGlobalSection
	GlobalSection(SolutionProperties) = preSolution
		HideSolutionNode = FALSE
	EndGlobalSection
	GlobalSection(ExtensibilityGlobals) = postSolution
		SolutionGuid = {18C20568-1B4C-4F3D-BC60-580687370F11}
	EndGlobalSection
EndGlobal
