
Microsoft Visual Studio Solution File, Format Version 12.00
# Visual Studio Version 16
VisualStudioVersion = 16.0.29123.88
MinimumVisualStudioVersion = 10.0.40219.1
Project("{FAE04EC0-301F-11D3-BF4B-00C04F79EFBC}") = "ListStudy", "ListStudy\ListStudy.csproj", "{3AF0B2AC-CEA5-4A73-8316-DC9A54B2E3B2}"
EndProject
Global
	GlobalSection(SolutionConfigurationPlatforms) = preSolution
		Debug|Any CPU = Debug|Any CPU
		Release|Any CPU = Release|Any CPU
	EndGlobalSection
	GlobalSection(ProjectConfigurationPlatforms) = postSolution
		{3AF0B2AC-CEA5-4A73-8316-DC9A54B2E3B2}.Debug|Any CPU.ActiveCfg = Debug|Any CPU
		{3AF0B2AC-CEA5-4A73-8316-DC9A54B2E3B2}.Debug|Any CPU.Build.0 = Debug|Any CPU
		{3AF0B2AC-CEA5-4A73-8316-DC9A54B2E3B2}.Release|Any CPU.ActiveCfg = Release|Any CPU
		{3AF0B2AC-CEA5-4A73-8316-DC9A54B2E3B2}.Release|Any CPU.Build.0 = Release|Any CPU
	EndGlobalSection
	GlobalSection(SolutionProperties) = preSolution
		HideSolutionNode = FALSE
	EndGlobalSection
	GlobalSection(ExtensibilityGlobals) = postSolution
		SolutionGuid = {1CD8411E-3A57-4692-83D0-DCCE6D3779E3}
	EndGlobalSection
EndGlobal
