
Microsoft Visual Studio Solution File, Format Version 12.00
# Visual Studio Version 16
VisualStudioVersion = 16.0.29123.88
MinimumVisualStudioVersion = 10.0.40219.1
Project("{FAE04EC0-301F-11D3-BF4B-00C04F79EFBC}") = "itrationExe4", "itrationExe4\itrationExe4.csproj", "{435EB218-56F0-423B-8524-159C004A4BF2}"
EndProject
Global
	GlobalSection(SolutionConfigurationPlatforms) = preSolution
		Debug|Any CPU = Debug|Any CPU
		Release|Any CPU = Release|Any CPU
	EndGlobalSection
	GlobalSection(ProjectConfigurationPlatforms) = postSolution
		{435EB218-56F0-423B-8524-159C004A4BF2}.Debug|Any CPU.ActiveCfg = Debug|Any CPU
		{435EB218-56F0-423B-8524-159C004A4BF2}.Debug|Any CPU.Build.0 = Debug|Any CPU
		{435EB218-56F0-423B-8524-159C004A4BF2}.Release|Any CPU.ActiveCfg = Release|Any CPU
		{435EB218-56F0-423B-8524-159C004A4BF2}.Release|Any CPU.Build.0 = Release|Any CPU
	EndGlobalSection
	GlobalSection(SolutionProperties) = preSolution
		HideSolutionNode = FALSE
	EndGlobalSection
	GlobalSection(ExtensibilityGlobals) = postSolution
		SolutionGuid = {A1E4F316-42F5-42BB-B5B1-62EC977C7567}
	EndGlobalSection
EndGlobal
