
Microsoft Visual Studio Solution File, Format Version 12.00
# Visual Studio Version 16
VisualStudioVersion = 16.0.29123.88
MinimumVisualStudioVersion = 10.0.40219.1
Project("{FAE04EC0-301F-11D3-BF4B-00C04F79EFBC}") = "ClassStudy1", "ClassStudy1\ClassStudy1.csproj", "{06ACD256-C759-4695-8FF3-1EEC687C49A3}"
EndProject
Global
	GlobalSection(SolutionConfigurationPlatforms) = preSolution
		Debug|Any CPU = Debug|Any CPU
		Release|Any CPU = Release|Any CPU
	EndGlobalSection
	GlobalSection(ProjectConfigurationPlatforms) = postSolution
		{06ACD256-C759-4695-8FF3-1EEC687C49A3}.Debug|Any CPU.ActiveCfg = Debug|Any CPU
		{06ACD256-C759-4695-8FF3-1EEC687C49A3}.Debug|Any CPU.Build.0 = Debug|Any CPU
		{06ACD256-C759-4695-8FF3-1EEC687C49A3}.Release|Any CPU.ActiveCfg = Release|Any CPU
		{06ACD256-C759-4695-8FF3-1EEC687C49A3}.Release|Any CPU.Build.0 = Release|Any CPU
	EndGlobalSection
	GlobalSection(SolutionProperties) = preSolution
		HideSolutionNode = FALSE
	EndGlobalSection
	GlobalSection(ExtensibilityGlobals) = postSolution
		SolutionGuid = {9C990F18-26FD-4E8C-AE1A-ED879FE28AAB}
	EndGlobalSection
EndGlobal
