
Microsoft Visual Studio Solution File, Format Version 12.00
# Visual Studio Version 16
VisualStudioVersion = 16.0.29123.88
MinimumVisualStudioVersion = 10.0.40219.1
Project("{FAE04EC0-301F-11D3-BF4B-00C04F79EFBC}") = "NameSpacestudy1", "NameSpacestudy1\NameSpacestudy1.csproj", "{239BAF98-FF26-453F-B280-A2BBBD70022B}"
EndProject
Project("{FAE04EC0-301F-11D3-BF4B-00C04F79EFBC}") = "ProjectA.TeamA", "ProjectATeamA\ProjectA.TeamA.csproj", "{3DC9697A-5CDD-4AAF-AF3D-99EF52784D9C}"
EndProject
Project("{FAE04EC0-301F-11D3-BF4B-00C04F79EFBC}") = "ProjectA.TeamB", "ProjectA.TeamB\ProjectA.TeamB.csproj", "{72C56E52-A6D8-4AB5-8A58-484958B25DD6}"
EndProject
Global
	GlobalSection(SolutionConfigurationPlatforms) = preSolution
		Debug|Any CPU = Debug|Any CPU
		Release|Any CPU = Release|Any CPU
	EndGlobalSection
	GlobalSection(ProjectConfigurationPlatforms) = postSolution
		{239BAF98-FF26-453F-B280-A2BBBD70022B}.Debug|Any CPU.ActiveCfg = Debug|Any CPU
		{239BAF98-FF26-453F-B280-A2BBBD70022B}.Debug|Any CPU.Build.0 = Debug|Any CPU
		{239BAF98-FF26-453F-B280-A2BBBD70022B}.Release|Any CPU.ActiveCfg = Release|Any CPU
		{239BAF98-FF26-453F-B280-A2BBBD70022B}.Release|Any CPU.Build.0 = Release|Any CPU
		{3DC9697A-5CDD-4AAF-AF3D-99EF52784D9C}.Debug|Any CPU.ActiveCfg = Debug|Any CPU
		{3DC9697A-5CDD-4AAF-AF3D-99EF52784D9C}.Debug|Any CPU.Build.0 = Debug|Any CPU
		{3DC9697A-5CDD-4AAF-AF3D-99EF52784D9C}.Release|Any CPU.ActiveCfg = Release|Any CPU
		{3DC9697A-5CDD-4AAF-AF3D-99EF52784D9C}.Release|Any CPU.Build.0 = Release|Any CPU
		{72C56E52-A6D8-4AB5-8A58-484958B25DD6}.Debug|Any CPU.ActiveCfg = Debug|Any CPU
		{72C56E52-A6D8-4AB5-8A58-484958B25DD6}.Debug|Any CPU.Build.0 = Debug|Any CPU
		{72C56E52-A6D8-4AB5-8A58-484958B25DD6}.Release|Any CPU.ActiveCfg = Release|Any CPU
		{72C56E52-A6D8-4AB5-8A58-484958B25DD6}.Release|Any CPU.Build.0 = Release|Any CPU
	EndGlobalSection
	GlobalSection(SolutionProperties) = preSolution
		HideSolutionNode = FALSE
	EndGlobalSection
	GlobalSection(ExtensibilityGlobals) = postSolution
		SolutionGuid = {1E6DC134-6B72-4F5B-9CC6-4D739CB31E53}
	EndGlobalSection
EndGlobal
