
Microsoft Visual Studio Solution File, Format Version 12.00
# Visual Studio Version 16
VisualStudioVersion = 16.0.29123.88
MinimumVisualStudioVersion = 10.0.40219.1
Project("{FAE04EC0-301F-11D3-BF4B-00C04F79EFBC}") = "ConsolePrimeNumber", "ConsolePrimeNumber\ConsolePrimeNumber.csproj", "{B10A5EE7-A51E-40FC-A477-732A54577E02}"
EndProject
Global
	GlobalSection(SolutionConfigurationPlatforms) = preSolution
		Debug|Any CPU = Debug|Any CPU
		Release|Any CPU = Release|Any CPU
	EndGlobalSection
	GlobalSection(ProjectConfigurationPlatforms) = postSolution
		{B10A5EE7-A51E-40FC-A477-732A54577E02}.Debug|Any CPU.ActiveCfg = Debug|Any CPU
		{B10A5EE7-A51E-40FC-A477-732A54577E02}.Debug|Any CPU.Build.0 = Debug|Any CPU
		{B10A5EE7-A51E-40FC-A477-732A54577E02}.Release|Any CPU.ActiveCfg = Release|Any CPU
		{B10A5EE7-A51E-40FC-A477-732A54577E02}.Release|Any CPU.Build.0 = Release|Any CPU
	EndGlobalSection
	GlobalSection(SolutionProperties) = preSolution
		HideSolutionNode = FALSE
	EndGlobalSection
	GlobalSection(ExtensibilityGlobals) = postSolution
		SolutionGuid = {CED3CD6E-A9D1-4C64-85D0-CFA9B4D21AFB}
	EndGlobalSection
EndGlobal
